// !$*UTF8*$!
{
	archiveVersion = 1;
	classes = {
	};
	objectVersion = 48;
	objects = {

/* Begin PBXBuildFile section */
		385E845A1F7B825D00EF70DA /* AppDelegate.swift in Sources */ = {isa = PBXBuildFile; fileRef = 385E84591F7B825D00EF70DA /* AppDelegate.swift */; };
		385E845C1F7B825D00EF70DA /* ViewController.swift in Sources */ = {isa = PBXBuildFile; fileRef = 385E845B1F7B825D00EF70DA /* ViewController.swift */; };
		385E845F1F7B825D00EF70DA /* Main.storyboard in Resources */ = {isa = PBXBuildFile; fileRef = 385E845D1F7B825D00EF70DA /* Main.storyboard */; };
		385E84621F7B825D00EF70DA /* WifiDirectTest.xcdatamodeld in Sources */ = {isa = PBXBuildFile; fileRef = 385E84601F7B825D00EF70DA /* WifiDirectTest.xcdatamodeld */; };
		385E84641F7B825D00EF70DA /* Assets.xcassets in Resources */ = {isa = PBXBuildFile; fileRef = 385E84631F7B825D00EF70DA /* Assets.xcassets */; };
		385E84671F7B825D00EF70DA /* LaunchScreen.storyboard in Resources */ = {isa = PBXBuildFile; fileRef = 385E84651F7B825D00EF70DA /* LaunchScreen.storyboard */; };
		385E84721F7B825D00EF70DA /* WifiDirectTestTests.swift in Sources */ = {isa = PBXBuildFile; fileRef = 385E84711F7B825D00EF70DA /* WifiDirectTestTests.swift */; };
		385E847D1F7B825D00EF70DA /* WifiDirectTestUITests.swift in Sources */ = {isa = PBXBuildFile; fileRef = 385E847C1F7B825D00EF70DA /* WifiDirectTestUITests.swift */; };
		3896E8091F933F5300D43114 /* P2PHub.swift in Sources */ = {isa = PBXBuildFile; fileRef = 3896E8081F933F5300D43114 /* P2PHub.swift */; };
/* End PBXBuildFile section */

/* Begin PBXContainerItemProxy section */
		385E846E1F7B825D00EF70DA /* PBXContainerItemProxy */ = {
			isa = PBXContainerItemProxy;
			containerPortal = 385E844E1F7B825D00EF70DA /* Project object */;
			proxyType = 1;
			remoteGlobalIDString = 385E84551F7B825D00EF70DA;
			remoteInfo = WifiDirectTest;
		};
		385E84791F7B825D00EF70DA /* PBXContainerItemProxy */ = {
			isa = PBXContainerItemProxy;
			containerPortal = 385E844E1F7B825D00EF70DA /* Project object */;
			proxyType = 1;
			remoteGlobalIDString = 385E84551F7B825D00EF70DA;
			remoteInfo = WifiDirectTest;
		};
/* End PBXContainerItemProxy section */

/* Begin PBXFileReference section */
		385E84561F7B825D00EF70DA /* WifiDirectTest.app */ = {isa = PBXFileReference; explicitFileType = wrapper.application; includeInIndex = 0; path = WifiDirectTest.app; sourceTree = BUILT_PRODUCTS_DIR; };
		385E84591F7B825D00EF70DA /* AppDelegate.swift */ = {isa = PBXFileReference; lastKnownFileType = sourcecode.swift; path = AppDelegate.swift; sourceTree = "<group>"; };
		385E845B1F7B825D00EF70DA /* ViewController.swift */ = {isa = PBXFileReference; lastKnownFileType = sourcecode.swift; path = ViewController.swift; sourceTree = "<group>"; };
		385E845E1F7B825D00EF70DA /* Base */ = {isa = PBXFileReference; lastKnownFileType = file.storyboard; name = Base; path = Base.lproj/Main.storyboard; sourceTree = "<group>"; };
		385E84611F7B825D00EF70DA /* WifiDirectTest.xcdatamodel */ = {isa = PBXFileReference; lastKnownFileType = wrapper.xcdatamodel; path = WifiDirectTest.xcdatamodel; sourceTree = "<group>"; };
		385E84631F7B825D00EF70DA /* Assets.xcassets */ = {isa = PBXFileReference; lastKnownFileType = folder.assetcatalog; path = Assets.xcassets; sourceTree = "<group>"; };
		385E84661F7B825D00EF70DA /* Base */ = {isa = PBXFileReference; lastKnownFileType = file.storyboard; name = Base; path = Base.lproj/LaunchScreen.storyboard; sourceTree = "<group>"; };
		385E84681F7B825D00EF70DA /* Info.plist */ = {isa = PBXFileReference; lastKnownFileType = text.plist.xml; path = Info.plist; sourceTree = "<group>"; };
		385E846D1F7B825D00EF70DA /* WifiDirectTestTests.xctest */ = {isa = PBXFileReference; explicitFileType = wrapper.cfbundle; includeInIndex = 0; path = WifiDirectTestTests.xctest; sourceTree = BUILT_PRODUCTS_DIR; };
		385E84711F7B825D00EF70DA /* WifiDirectTestTests.swift */ = {isa = PBXFileReference; lastKnownFileType = sourcecode.swift; path = WifiDirectTestTests.swift; sourceTree = "<group>"; };
		385E84731F7B825D00EF70DA /* Info.plist */ = {isa = PBXFileReference; lastKnownFileType = text.plist.xml; path = Info.plist; sourceTree = "<group>"; };
		385E84781F7B825D00EF70DA /* WifiDirectTestUITests.xctest */ = {isa = PBXFileReference; explicitFileType = wrapper.cfbundle; includeInIndex = 0; path = WifiDirectTestUITests.xctest; sourceTree = BUILT_PRODUCTS_DIR; };
		385E847C1F7B825D00EF70DA /* WifiDirectTestUITests.swift */ = {isa = PBXFileReference; lastKnownFileType = sourcecode.swift; path = WifiDirectTestUITests.swift; sourceTree = "<group>"; };
		385E847E1F7B825D00EF70DA /* Info.plist */ = {isa = PBXFileReference; lastKnownFileType = text.plist.xml; path = Info.plist; sourceTree = "<group>"; };
		385E848A1F7B84C200EF70DA /* red.png */ = {isa = PBXFileReference; lastKnownFileType = image.png; path = red.png; sourceTree = "<group>"; };
		385E848B1F7B84C200EF70DA /* green.png */ = {isa = PBXFileReference; lastKnownFileType = image.png; path = green.png; sourceTree = "<group>"; };
		3896E8081F933F5300D43114 /* P2PHub.swift */ = {isa = PBXFileReference; fileEncoding = 4; lastKnownFileType = sourcecode.swift; path = P2PHub.swift; sourceTree = "<group>"; };
/* End PBXFileReference section */

/* Begin PBXFrameworksBuildPhase section */
		385E84531F7B825D00EF70DA /* Frameworks */ = {
			isa = PBXFrameworksBuildPhase;
			buildActionMask = 2147483647;
			files = (
			);
			runOnlyForDeploymentPostprocessing = 0;
		};
		385E846A1F7B825D00EF70DA /* Frameworks */ = {
			isa = PBXFrameworksBuildPhase;
			buildActionMask = 2147483647;
			files = (
			);
			runOnlyForDeploymentPostprocessing = 0;
		};
		385E84751F7B825D00EF70DA /* Frameworks */ = {
			isa = PBXFrameworksBuildPhase;
			buildActionMask = 2147483647;
			files = (
			);
			runOnlyForDeploymentPostprocessing = 0;
		};
/* End PBXFrameworksBuildPhase section */

/* Begin PBXGroup section */
		385E844D1F7B825D00EF70DA = {
			isa = PBXGroup;
			children = (
				385E84581F7B825D00EF70DA /* WifiDirectTest */,
				385E84701F7B825D00EF70DA /* WifiDirectTestTests */,
				385E847B1F7B825D00EF70DA /* WifiDirectTestUITests */,
				385E84571F7B825D00EF70DA /* Products */,
			);
			sourceTree = "<group>";
		};
		385E84571F7B825D00EF70DA /* Products */ = {
			isa = PBXGroup;
			children = (
				385E84561F7B825D00EF70DA /* WifiDirectTest.app */,
				385E846D1F7B825D00EF70DA /* WifiDirectTestTests.xctest */,
				385E84781F7B825D00EF70DA /* WifiDirectTestUITests.xctest */,
			);
			name = Products;
			sourceTree = "<group>";
		};
		385E84581F7B825D00EF70DA /* WifiDirectTest */ = {
			isa = PBXGroup;
			children = (
				3896E8081F933F5300D43114 /* P2PHub.swift */,
				385E848B1F7B84C200EF70DA /* green.png */,
				385E848A1F7B84C200EF70DA /* red.png */,
				385E84591F7B825D00EF70DA /* AppDelegate.swift */,
				385E845B1F7B825D00EF70DA /* ViewController.swift */,
				385E845D1F7B825D00EF70DA /* Main.storyboard */,
				385E84631F7B825D00EF70DA /* Assets.xcassets */,
				385E84651F7B825D00EF70DA /* LaunchScreen.storyboard */,
				385E84681F7B825D00EF70DA /* Info.plist */,
				385E84601F7B825D00EF70DA /* WifiDirectTest.xcdatamodeld */,
			);
			path = WifiDirectTest;
			sourceTree = "<group>";
		};
		385E84701F7B825D00EF70DA /* WifiDirectTestTests */ = {
			isa = PBXGroup;
			children = (
				385E84711F7B825D00EF70DA /* WifiDirectTestTests.swift */,
				385E84731F7B825D00EF70DA /* Info.plist */,
			);
			path = WifiDirectTestTests;
			sourceTree = "<group>";
		};
		385E847B1F7B825D00EF70DA /* WifiDirectTestUITests */ = {
			isa = PBXGroup;
			children = (
				385E847C1F7B825D00EF70DA /* WifiDirectTestUITests.swift */,
				385E847E1F7B825D00EF70DA /* Info.plist */,
			);
			path = WifiDirectTestUITests;
			sourceTree = "<group>";
		};
/* End PBXGroup section */

/* Begin PBXNativeTarget section */
		385E84551F7B825D00EF70DA /* WifiDirectTest */ = {
			isa = PBXNativeTarget;
			buildConfigurationList = 385E84811F7B825D00EF70DA /* Build configuration list for PBXNativeTarget "WifiDirectTest" */;
			buildPhases = (
				385E84521F7B825D00EF70DA /* Sources */,
				385E84531F7B825D00EF70DA /* Frameworks */,
				385E84541F7B825D00EF70DA /* Resources */,
			);
			buildRules = (
			);
			dependencies = (
			);
			name = WifiDirectTest;
			productName = WifiDirectTest;
			productReference = 385E84561F7B825D00EF70DA /* WifiDirectTest.app */;
			productType = "com.apple.product-type.application";
		};
		385E846C1F7B825D00EF70DA /* WifiDirectTestTests */ = {
			isa = PBXNativeTarget;
			buildConfigurationList = 385E84841F7B825D00EF70DA /* Build configuration list for PBXNativeTarget "WifiDirectTestTests" */;
			buildPhases = (
				385E84691F7B825D00EF70DA /* Sources */,
				385E846A1F7B825D00EF70DA /* Frameworks */,
				385E846B1F7B825D00EF70DA /* Resources */,
			);
			buildRules = (
			);
			dependencies = (
				385E846F1F7B825D00EF70DA /* PBXTargetDependency */,
			);
			name = WifiDirectTestTests;
			productName = WifiDirectTestTests;
			productReference = 385E846D1F7B825D00EF70DA /* WifiDirectTestTests.xctest */;
			productType = "com.apple.product-type.bundle.unit-test";
		};
		385E84771F7B825D00EF70DA /* WifiDirectTestUITests */ = {
			isa = PBXNativeTarget;
			buildConfigurationList = 385E84871F7B825D00EF70DA /* Build configuration list for PBXNativeTarget "WifiDirectTestUITests" */;
			buildPhases = (
				385E84741F7B825D00EF70DA /* Sources */,
				385E84751F7B825D00EF70DA /* Frameworks */,
				385E84761F7B825D00EF70DA /* Resources */,
			);
			buildRules = (
			);
			dependencies = (
				385E847A1F7B825D00EF70DA /* PBXTargetDependency */,
			);
			name = WifiDirectTestUITests;
			productName = WifiDirectTestUITests;
			productReference = 385E84781F7B825D00EF70DA /* WifiDirectTestUITests.xctest */;
			productType = "com.apple.product-type.bundle.ui-testing";
		};
/* End PBXNativeTarget section */

/* Begin PBXProject section */
		385E844E1F7B825D00EF70DA /* Project object */ = {
			isa = PBXProject;
			attributes = {
				LastSwiftUpdateCheck = 0900;
				LastUpgradeCheck = 0900;
				ORGANIZATIONNAME = VibeAnalytics;
				TargetAttributes = {
					385E84551F7B825D00EF70DA = {
						CreatedOnToolsVersion = 9.0;
						ProvisioningStyle = Automatic;
					};
					385E846C1F7B825D00EF70DA = {
						CreatedOnToolsVersion = 9.0;
						ProvisioningStyle = Automatic;
						TestTargetID = 385E84551F7B825D00EF70DA;
					};
					385E84771F7B825D00EF70DA = {
						CreatedOnToolsVersion = 9.0;
						ProvisioningStyle = Automatic;
						TestTargetID = 385E84551F7B825D00EF70DA;
					};
				};
			};
			buildConfigurationList = 385E84511F7B825D00EF70DA /* Build configuration list for PBXProject "WifiDirectTest" */;
			compatibilityVersion = "Xcode 8.0";
			developmentRegion = en;
			hasScannedForEncodings = 0;
			knownRegions = (
				en,
				Base,
			);
			mainGroup = 385E844D1F7B825D00EF70DA;
			productRefGroup = 385E84571F7B825D00EF70DA /* Products */;
			projectDirPath = "";
			projectRoot = "";
			targets = (
				385E84551F7B825D00EF70DA /* WifiDirectTest */,
				385E846C1F7B825D00EF70DA /* WifiDirectTestTests */,
				385E84771F7B825D00EF70DA /* WifiDirectTestUITests */,
			);
		};
/* End PBXProject section */

/* Begin PBXResourcesBuildPhase section */
		385E84541F7B825D00EF70DA /* Resources */ = {
			isa = PBXResourcesBuildPhase;
			buildActionMask = 2147483647;
			files = (
				385E84671F7B825D00EF70DA /* LaunchScreen.storyboard in Resources */,
				385E84641F7B825D00EF70DA /* Assets.xcassets in Resources */,
				385E845F1F7B825D00EF70DA /* Main.storyboard in Resources */,
			);
			runOnlyForDeploymentPostprocessing = 0;
		};
		385E846B1F7B825D00EF70DA /* Resources */ = {
			isa = PBXResourcesBuildPhase;
			buildActionMask = 2147483647;
			files = (
			);
			runOnlyForDeploymentPostprocessing = 0;
		};
		385E84761F7B825D00EF70DA /* Resources */ = {
			isa = PBXResourcesBuildPhase;
			buildActionMask = 2147483647;
			files = (
			);
			runOnlyForDeploymentPostprocessing = 0;
		};
/* End PBXResourcesBuildPhase section */

/* Begin PBXSourcesBuildPhase section */
		385E84521F7B825D00EF70DA /* Sources */ = {
			isa = PBXSourcesBuildPhase;
			buildActionMask = 2147483647;
			files = (
				3896E8091F933F5300D43114 /* P2PHub.swift in Sources */,
				385E845C1F7B825D00EF70DA /* ViewController.swift in Sources */,
				385E84621F7B825D00EF70DA /* WifiDirectTest.xcdatamodeld in Sources */,
				385E845A1F7B825D00EF70DA /* AppDelegate.swift in Sources */,
			);
			runOnlyForDeploymentPostprocessing = 0;
		};
		385E84691F7B825D00EF70DA /* Sources */ = {
			isa = PBXSourcesBuildPhase;
			buildActionMask = 2147483647;
			files = (
				385E84721F7B825D00EF70DA /* WifiDirectTestTests.swift in Sources */,
			);
			runOnlyForDeploymentPostprocessing = 0;
		};
		385E84741F7B825D00EF70DA /* Sources */ = {
			isa = PBXSourcesBuildPhase;
			buildActionMask = 2147483647;
			files = (
				385E847D1F7B825D00EF70DA /* WifiDirectTestUITests.swift in Sources */,
			);
			runOnlyForDeploymentPostprocessing = 0;
		};
/* End PBXSourcesBuildPhase section */

/* Begin PBXTargetDependency section */
		385E846F1F7B825D00EF70DA /* PBXTargetDependency */ = {
			isa = PBXTargetDependency;
			target = 385E84551F7B825D00EF70DA /* WifiDirectTest */;
			targetProxy = 385E846E1F7B825D00EF70DA /* PBXContainerItemProxy */;
		};
		385E847A1F7B825D00EF70DA /* PBXTargetDependency */ = {
			isa = PBXTargetDependency;
			target = 385E84551F7B825D00EF70DA /* WifiDirectTest */;
			targetProxy = 385E84791F7B825D00EF70DA /* PBXContainerItemProxy */;
		};
/* End PBXTargetDependency section */

/* Begin PBXVariantGroup section */
		385E845D1F7B825D00EF70DA /* Main.storyboard */ = {
			isa = PBXVariantGroup;
			children = (
				385E845E1F7B825D00EF70DA /* Base */,
			);
			name = Main.storyboard;
			sourceTree = "<group>";
		};
		385E84651F7B825D00EF70DA /* LaunchScreen.storyboard */ = {
			isa = PBXVariantGroup;
			children = (
				385E84661F7B825D00EF70DA /* Base */,
			);
			name = LaunchScreen.storyboard;
			sourceTree = "<group>";
		};
/* End PBXVariantGroup section */

/* Begin XCBuildConfiguration section */
		385E847F1F7B825D00EF70DA /* Debug */ = {
			isa = XCBuildConfiguration;
			buildSettings = {
				ALWAYS_SEARCH_USER_PATHS = NO;
				CLANG_ANALYZER_NONNULL = YES;
				CLANG_ANALYZER_NUMBER_OBJECT_CONVERSION = YES_AGGRESSIVE;
				CLANG_CXX_LANGUAGE_STANDARD = "gnu++14";
				CLANG_CXX_LIBRARY = "libc++";
				CLANG_ENABLE_MODULES = YES;
				CLANG_ENABLE_OBJC_ARC = YES;
				CLANG_WARN_BLOCK_CAPTURE_AUTORELEASING = YES;
				CLANG_WARN_BOOL_CONVERSION = YES;
				CLANG_WARN_COMMA = YES;
				CLANG_WARN_CONSTANT_CONVERSION = YES;
				CLANG_WARN_DIRECT_OBJC_ISA_USAGE = YES_ERROR;
				CLANG_WARN_DOCUMENTATION_COMMENTS = YES;
				CLANG_WARN_EMPTY_BODY = YES;
				CLANG_WARN_ENUM_CONVERSION = YES;
				CLANG_WARN_INFINITE_RECURSION = YES;
				CLANG_WARN_INT_CONVERSION = YES;
				CLANG_WARN_NON_LITERAL_NULL_CONVERSION = YES;
				CLANG_WARN_OBJC_LITERAL_CONVERSION = YES;
				CLANG_WARN_OBJC_ROOT_CLASS = YES_ERROR;
				CLANG_WARN_RANGE_LOOP_ANALYSIS = YES;
				CLANG_WARN_STRICT_PROTOTYPES = YES;
				CLANG_WARN_SUSPICIOUS_MOVE = YES;
				CLANG_WARN_UNGUARDED_AVAILABILITY = YES_AGGRESSIVE;
				CLANG_WARN_UNREACHABLE_CODE = YES;
				CLANG_WARN__DUPLICATE_METHOD_MATCH = YES;
				CODE_SIGN_IDENTITY = "iPhone Developer";
				COPY_PHASE_STRIP = NO;
				DEBUG_INFORMATION_FORMAT = dwarf;
				ENABLE_STRICT_OBJC_MSGSEND = YES;
				ENABLE_TESTABILITY = YES;
				GCC_C_LANGUAGE_STANDARD = gnu11;
				GCC_DYNAMIC_NO_PIC = NO;
				GCC_NO_COMMON_BLOCKS = YES;
				GCC_OPTIMIZATION_LEVEL = 0;
				GCC_PREPROCESSOR_DEFINITIONS = (
					"DEBUG=1",
					"$(inherited)",
				);
				GCC_WARN_64_TO_32_BIT_CONVERSION = YES;
				GCC_WARN_ABOUT_RETURN_TYPE = YES_ERROR;
				GCC_WARN_UNDECLARED_SELECTOR = YES;
				GCC_WARN_UNINITIALIZED_AUTOS = YES_AGGRESSIVE;
				GCC_WARN_UNUSED_FUNCTION = YES;
				GCC_WARN_UNUSED_VARIABLE = YES;
				IPHONEOS_DEPLOYMENT_TARGET = 11.0;
				MTL_ENABLE_DEBUG_INFO = YES;
				ONLY_ACTIVE_ARCH = YES;
				SDKROOT = iphoneos;
				SWIFT_ACTIVE_COMPILATION_CONDITIONS = DEBUG;
				SWIFT_OPTIMIZATION_LEVEL = "-Onone";
			};
			name = Debug;
		};
		385E84801F7B825D00EF70DA /* Release */ = {
			isa = XCBuildConfiguration;
			buildSettings = {
				ALWAYS_SEARCH_USER_PATHS = NO;
				CLANG_ANALYZER_NONNULL = YES;
				CLANG_ANALYZER_NUMBER_OBJECT_CONVERSION = YES_AGGRESSIVE;
				CLANG_CXX_LANGUAGE_STANDARD = "gnu++14";
				CLANG_CXX_LIBRARY = "libc++";
				CLANG_ENABLE_MODULES = YES;
				CLANG_ENABLE_OBJC_ARC = YES;
				CLANG_WARN_BLOCK_CAPTURE_AUTORELEASING = YES;
				CLANG_WARN_BOOL_CONVERSION = YES;
				CLANG_WARN_COMMA = YES;
				CLANG_WARN_CONSTANT_CONVERSION = YES;
				CLANG_WARN_DIRECT_OBJC_ISA_USAGE = YES_ERROR;
				CLANG_WARN_DOCUMENTATION_COMMENTS = YES;
				CLANG_WARN_EMPTY_BODY = YES;
				CLANG_WARN_ENUM_CONVERSION = YES;
				CLANG_WARN_INFINITE_RECURSION = YES;
				CLANG_WARN_INT_CONVERSION = YES;
				CLANG_WARN_NON_LITERAL_NULL_CONVERSION = YES;
				CLANG_WARN_OBJC_LITERAL_CONVERSION = YES;
				CLANG_WARN_OBJC_ROOT_CLASS = YES_ERROR;
				CLANG_WARN_RANGE_LOOP_ANALYSIS = YES;
				CLANG_WARN_STRICT_PROTOTYPES = YES;
				CLANG_WARN_SUSPICIOUS_MOVE = YES;
				CLANG_WARN_UNGUARDED_AVAILABILITY = YES_AGGRESSIVE;
				CLANG_WARN_UNREACHABLE_CODE = YES;
				CLANG_WARN__DUPLICATE_METHOD_MATCH = YES;
				CODE_SIGN_IDENTITY = "iPhone Developer";
				COPY_PHASE_STRIP = NO;
				DEBUG_INFORMATION_FORMAT = "dwarf-with-dsym";
				ENABLE_NS_ASSERTIONS = NO;
				ENABLE_STRICT_OBJC_MSGSEND = YES;
				GCC_C_LANGUAGE_STANDARD = gnu11;
				GCC_NO_COMMON_BLOCKS = YES;
				GCC_WARN_64_TO_32_BIT_CONVERSION = YES;
				GCC_WARN_ABOUT_RETURN_TYPE = YES_ERROR;
				GCC_WARN_UNDECLARED_SELECTOR = YES;
				GCC_WARN_UNINITIALIZED_AUTOS = YES_AGGRESSIVE;
				GCC_WARN_UNUSED_FUNCTION = YES;
				GCC_WARN_UNUSED_VARIABLE = YES;
				IPHONEOS_DEPLOYMENT_TARGET = 11.0;
				MTL_ENABLE_DEBUG_INFO = NO;
				SDKROOT = iphoneos;
				SWIFT_OPTIMIZATION_LEVEL = "-Owholemodule";
				VALIDATE_PRODUCT = YES;
			};
			name = Release;
		};
		385E84821F7B825D00EF70DA /* Debug */ = {
			isa = XCBuildConfiguration;
			buildSettings = {
				ASSETCATALOG_COMPILER_APPICON_NAME = AppIcon;
				CODE_SIGN_STYLE = Automatic;
				DEVELOPMENT_TEAM = V5256P9TCJ;
				INFOPLIST_FILE = WifiDirectTest/Info.plist;
				LD_RUNPATH_SEARCH_PATHS = "$(inherited) @executable_path/Frameworks";
				PRODUCT_BUNDLE_IDENTIFIER = com.vibe.WifiDirectTest;
				PRODUCT_NAME = "$(TARGET_NAME)";
				SWIFT_VERSION = 4.0;
				TARGETED_DEVICE_FAMILY = "1,2";
			};
			name = Debug;
		};
		385E84831F7B825D00EF70DA /* Release */ = {
			isa = XCBuildConfiguration;
			buildSettings = {
				ASSETCATALOG_COMPILER_APPICON_NAME = AppIcon;
				CODE_SIGN_STYLE = Automatic;
				DEVELOPMENT_TEAM = V5256P9TCJ;
				INFOPLIST_FILE = WifiDirectTest/Info.plist;
				LD_RUNPATH_SEARCH_PATHS = "$(inherited) @executable_path/Frameworks";
				PRODUCT_BUNDLE_IDENTIFIER = com.vibe.WifiDirectTest;
				PRODUCT_NAME = "$(TARGET_NAME)";
				SWIFT_VERSION = 4.0;
				TARGETED_DEVICE_FAMILY = "1,2";
			};
			name = Release;
		};
		385E84851F7B825D00EF70DA /* Debug */ = {
			isa = XCBuildConfiguration;
			buildSettings = {
				ALWAYS_EMBED_SWIFT_STANDARD_LIBRARIES = YES;
				BUNDLE_LOADER = "$(TEST_HOST)";
				CODE_SIGN_STYLE = Automatic;
				DEVELOPMENT_TEAM = V5256P9TCJ;
				INFOPLIST_FILE = WifiDirectTestTests/Info.plist;
				LD_RUNPATH_SEARCH_PATHS = "$(inherited) @executable_path/Frameworks @loader_path/Frameworks";
				PRODUCT_BUNDLE_IDENTIFIER = com.vibe.WifiDirectTestTests;
				PRODUCT_NAME = "$(TARGET_NAME)";
				SWIFT_VERSION = 4.0;
				TARGETED_DEVICE_FAMILY = "1,2";
				TEST_HOST = "$(BUILT_PRODUCTS_DIR)/WifiDirectTest.app/WifiDirectTest";
			};
			name = Debug;
		};
		385E84861F7B825D00EF70DA /* Release */ = {
			isa = XCBuildConfiguration;
			buildSettings = {
				ALWAYS_EMBED_SWIFT_STANDARD_LIBRARIES = YES;
				BUNDLE_LOADER = "$(TEST_HOST)";
				CODE_SIGN_STYLE = Automatic;
				DEVELOPMENT_TEAM = V5256P9TCJ;
				INFOPLIST_FILE = WifiDirectTestTests/Info.plist;
				LD_RUNPATH_SEARCH_PATHS = "$(inherited) @executable_path/Frameworks @loader_path/Frameworks";
				PRODUCT_BUNDLE_IDENTIFIER = com.vibe.WifiDirectTestTests;
				PRODUCT_NAME = "$(TARGET_NAME)";
				SWIFT_VERSION = 4.0;
				TARGETED_DEVICE_FAMILY = "1,2";
				TEST_HOST = "$(BUILT_PRODUCTS_DIR)/WifiDirectTest.app/WifiDirectTest";
			};
			name = Release;
		};
		385E84881F7B825D00EF70DA /* Debug */ = {
			isa = XCBuildConfiguration;
			buildSettings = {
				ALWAYS_EMBED_SWIFT_STANDARD_LIBRARIES = YES;
				CODE_SIGN_STYLE = Automatic;
				DEVELOPMENT_TEAM = V5256P9TCJ;
				INFOPLIST_FILE = WifiDirectTestUITests/Info.plist;
				LD_RUNPATH_SEARCH_PATHS = "$(inherited) @executable_path/Frameworks @loader_path/Frameworks";
				PRODUCT_BUNDLE_IDENTIFIER = com.vibe.WifiDirectTestUITests;
				PRODUCT_NAME = "$(TARGET_NAME)";
				SWIFT_VERSION = 4.0;
				TARGETED_DEVICE_FAMILY = "1,2";
				TEST_TARGET_NAME = WifiDirectTest;
			};
			name = Debug;
		};
		385E84891F7B825D00EF70DA /* Release */ = {
			isa = XCBuildConfiguration;
			buildSettings = {
				ALWAYS_EMBED_SWIFT_STANDARD_LIBRARIES = YES;
				CODE_SIGN_STYLE = Automatic;
				DEVELOPMENT_TEAM = V5256P9TCJ;
				INFOPLIST_FILE = WifiDirectTestUITests/Info.plist;
				LD_RUNPATH_SEARCH_PATHS = "$(inherited) @executable_path/Frameworks @loader_path/Frameworks";
				PRODUCT_BUNDLE_IDENTIFIER = com.vibe.WifiDirectTestUITests;
				PRODUCT_NAME = "$(TARGET_NAME)";
				SWIFT_VERSION = 4.0;
				TARGETED_DEVICE_FAMILY = "1,2";
				TEST_TARGET_NAME = WifiDirectTest;
			};
			name = Release;
		};
/* End XCBuildConfiguration section */

/* Begin XCConfigurationList section */
		385E84511F7B825D00EF70DA /* Build configuration list for PBXProject "WifiDirectTest" */ = {
			isa = XCConfigurationList;
			buildConfigurations = (
				385E847F1F7B825D00EF70DA /* Debug */,
				385E84801F7B825D00EF70DA /* Release */,
			);
			defaultConfigurationIsVisible = 0;
			defaultConfigurationName = Release;
		};
		385E84811F7B825D00EF70DA /* Build configuration list for PBXNativeTarget "WifiDirectTest" */ = {
			isa = XCConfigurationList;
			buildConfigurations = (
				385E84821F7B825D00EF70DA /* Debug */,
				385E84831F7B825D00EF70DA /* Release */,
			);
			defaultConfigurationIsVisible = 0;
			defaultConfigurationName = Release;
		};
		385E84841F7B825D00EF70DA /* Build configuration list for PBXNativeTarget "WifiDirectTestTests" */ = {
			isa = XCConfigurationList;
			buildConfigurations = (
				385E84851F7B825D00EF70DA /* Debug */,
				385E84861F7B825D00EF70DA /* Release */,
			);
			defaultConfigurationIsVisible = 0;
			defaultConfigurationName = Release;
		};
		385E84871F7B825D00EF70DA /* Build configuration list for PBXNativeTarget "WifiDirectTestUITests" */ = {
			isa = XCConfigurationList;
			buildConfigurations = (
				385E84881F7B825D00EF70DA /* Debug */,
				385E84891F7B825D00EF70DA /* Release */,
			);
			defaultConfigurationIsVisible = 0;
			defaultConfigurationName = Release;
		};
/* End XCConfigurationList section */

/* Begin XCVersionGroup section */
		385E84601F7B825D00EF70DA /* WifiDirectTest.xcdatamodeld */ = {
			isa = XCVersionGroup;
			children = (
				385E84611F7B825D00EF70DA /* WifiDirectTest.xcdatamodel */,
			);
			currentVersion = 385E84611F7B825D00EF70DA /* WifiDirectTest.xcdatamodel */;
			path = WifiDirectTest.xcdatamodeld;
			sourceTree = "<group>";
			versionGroupType = wrapper.xcdatamodel;
		};
/* End XCVersionGroup section */
	};
	rootObject = 385E844E1F7B825D00EF70DA /* Project object */;
}
